
Microsoft Visual Studio Solution File, Format Version 12.00
# Visual Studio 2012
Project("{FAE04EC0-301F-11D3-BF4B-00C04F79EFBC}") = "Gccform", "Gccform\Gccform.csproj", "{37FC82C9-E0E3-457A-9427-B53096ED5559}"
EndProject
Global
	GlobalSection(SolutionConfigurationPlatforms) = preSolution
		Debug|Any CPU = Debug|Any CPU
		Release|Any CPU = Release|Any CPU
	EndGlobalSection
	GlobalSection(ProjectConfigurationPlatforms) = postSolution
		{37FC82C9-E0E3-457A-9427-B53096ED5559}.Debug|Any CPU.ActiveCfg = Debug|Any CPU
		{37FC82C9-E0E3-457A-9427-B53096ED5559}.Debug|Any CPU.Build.0 = Debug|Any CPU
		{37FC82C9-E0E3-457A-9427-B53096ED5559}.Release|Any CPU.ActiveCfg = Release|Any CPU
		{37FC82C9-E0E3-457A-9427-B53096ED5559}.Release|Any CPU.Build.0 = Release|Any CPU
	EndGlobalSection
EndGlobal
